
Microsoft Visual Studio Solution File, Format Version 12.00
# Visual Studio Version 16
VisualStudioVersion = 16.0.30523.141
MinimumVisualStudioVersion = 10.0.40219.1
Project("{FAE04EC0-301F-11D3-BF4B-00C04F79EFBC}") = "FuntoSB", "FuntoSB\FuntoSB.csproj", "{ACC976C2-6042-4737-89CA-A20EE4761A96}"
EndProject
Global
	GlobalSection(SolutionConfigurationPlatforms) = preSolution
		Debug|Any CPU = Debug|Any CPU
		Release|Any CPU = Release|Any CPU
	EndGlobalSection
	GlobalSection(ProjectConfigurationPlatforms) = postSolution
		{ACC976C2-6042-4737-89CA-A20EE4761A96}.Debug|Any CPU.ActiveCfg = Debug|Any CPU
		{ACC976C2-6042-4737-89CA-A20EE4761A96}.Debug|Any CPU.Build.0 = Debug|Any CPU
		{ACC976C2-6042-4737-89CA-A20EE4761A96}.Release|Any CPU.ActiveCfg = Release|Any CPU
		{ACC976C2-6042-4737-89CA-A20EE4761A96}.Release|Any CPU.Build.0 = Release|Any CPU
	EndGlobalSection
	GlobalSection(SolutionProperties) = preSolution
		HideSolutionNode = FALSE
	EndGlobalSection
	GlobalSection(ExtensibilityGlobals) = postSolution
		SolutionGuid = {008B8DC1-8E22-4BDE-AFBA-4C30AFBEE73C}
	EndGlobalSection
EndGlobal
